
Microsoft Visual Studio Solution File, Format Version 12.00
# Visual Studio 15
VisualStudioVersion = 15.0.33919.361
MinimumVisualStudioVersion = 10.0.40219.1
Project("{159641D6-6404-4A2A-AE62-294DE0FE8301}") = "ProspectDW", "ProspectDW\ProspectDW.dtproj", "{24B4A2A4-9F38-40C1-95F2-7BEFB651D64E}"
EndProject
Global
	GlobalSection(SolutionConfigurationPlatforms) = preSolution
		Development|Default = Development|Default
	EndGlobalSection
	GlobalSection(ProjectConfigurationPlatforms) = postSolution
		{24B4A2A4-9F38-40C1-95F2-7BEFB651D64E}.Development|Default.ActiveCfg = Development
		{24B4A2A4-9F38-40C1-95F2-7BEFB651D64E}.Development|Default.Build.0 = Development
	EndGlobalSection
	GlobalSection(SolutionProperties) = preSolution
		HideSolutionNode = FALSE
	EndGlobalSection
	GlobalSection(ExtensibilityGlobals) = postSolution
		SolutionGuid = {B48E33D0-E954-40C3-88A6-F6BC8BC0B5E8}
	EndGlobalSection
EndGlobal
